
Microsoft Visual Studio Solution File, Format Version 12.00
# Visual Studio 14
VisualStudioVersion = 14.0.25420.1
MinimumVisualStudioVersion = 10.0.40219.1
Project("{2150E333-8FDC-42A3-9474-1A3956D46DE8}") = "src", "src", "{9577B784-672B-4329-B22C-26382FAA0EC3}"
EndProject
Project("{2150E333-8FDC-42A3-9474-1A3956D46DE8}") = "Solution Items", "Solution Items", "{466453B0-D896-40E4-8260-58120F5CDD3B}"
	ProjectSection(SolutionItems) = preProject
		global.json = global.json
	EndProjectSection
EndProject
Project("{8BB2217D-0F2D-49D1-97BC-3654ED321F3B}") = "SonOfCod", "src\SonOfCod\SonOfCod.xproj", "{0CE33D89-062C-4FF9-936D-0A2482DE906D}"
EndProject
Global
	GlobalSection(SolutionConfigurationPlatforms) = preSolution
		Debug|Any CPU = Debug|Any CPU
		Release|Any CPU = Release|Any CPU
	EndGlobalSection
	GlobalSection(ProjectConfigurationPlatforms) = postSolution
		{0CE33D89-062C-4FF9-936D-0A2482DE906D}.Debug|Any CPU.ActiveCfg = Debug|Any CPU
		{0CE33D89-062C-4FF9-936D-0A2482DE906D}.Debug|Any CPU.Build.0 = Debug|Any CPU
		{0CE33D89-062C-4FF9-936D-0A2482DE906D}.Release|Any CPU.ActiveCfg = Release|Any CPU
		{0CE33D89-062C-4FF9-936D-0A2482DE906D}.Release|Any CPU.Build.0 = Release|Any CPU
	EndGlobalSection
	GlobalSection(SolutionProperties) = preSolution
		HideSolutionNode = FALSE
	EndGlobalSection
	GlobalSection(NestedProjects) = preSolution
		{0CE33D89-062C-4FF9-936D-0A2482DE906D} = {9577B784-672B-4329-B22C-26382FAA0EC3}
	EndGlobalSection
EndGlobal
